<Solution>
  <Project Path="002/002.csproj" Id="1230ff30-ce7b-4b7b-8e33-3e8569e65690" />
  <Project Path="003/003.csproj" Id="e62db77b-cb6d-4d2a-961d-402b21bb87de" />
  <Project Path="004/004.csproj" Id="e3af93c0-5152-4937-8aa5-ebcf12e28636" />
  <Project Path="005/005.csproj" Id="228e4ce3-13fc-4e10-bae8-d40882e33117" />
  <Project Path="006/006.csproj" Id="dfcb168e-1fd1-471a-bf97-dc89a9b527e6" />
  <Project Path="C#Homework/001.csproj" />
</Solution>
